{
  "name": "@kdev/bade-mind-core",
  "version": "1.0.26",
  "lockfileVersion": 2,
  "requires": true,
  "packages": {
    "": {
      "name": "@kdev/bade-mind-core",
      "version": "0.0.1",
      "license": "ISC",
      "dependencies": {
        "classnames": "^2.3.1",
        "d3": "^7.4.4",
        "dagre": "^0.8.5",
        "lodash": "^4.17.21"
      },
      "devDependencies": {
        "@types/d3": "^7.1.0",
        "@types/dagre": "^0.7.47",
        "@types/lodash": "^4.14.181"
      }
    },
    "../../node_modules/.pnpm/@types+d3@7.1.0/node_modules/@types/d3": {
      "version": "7.1.0",
      "dev": true,
      "license": "MIT",
      "dependencies": {
        "@types/d3-array": "*",
        "@types/d3-axis": "*",
        "@types/d3-brush": "*",
        "@types/d3-chord": "*",
        "@types/d3-color": "*",
        "@types/d3-contour": "*",
        "@types/d3-delaunay": "*",
        "@types/d3-dispatch": "*",
        "@types/d3-drag": "*",
        "@types/d3-dsv": "*",
        "@types/d3-ease": "*",
        "@types/d3-fetch": "*",
        "@types/d3-force": "*",
        "@types/d3-format": "*",
        "@types/d3-geo": "*",
        "@types/d3-hierarchy": "*",
        "@types/d3-interpolate": "*",
        "@types/d3-path": "*",
        "@types/d3-polygon": "*",
        "@types/d3-quadtree": "*",
        "@types/d3-random": "*",
        "@types/d3-scale": "*",
        "@types/d3-scale-chromatic": "*",
        "@types/d3-selection": "*",
        "@types/d3-shape": "*",
        "@types/d3-time": "*",
        "@types/d3-time-format": "*",
        "@types/d3-timer": "*",
        "@types/d3-transition": "*",
        "@types/d3-zoom": "*"
      }
    },
    "../../node_modules/.pnpm/@types+dagre@0.7.47/node_modules/@types/dagre": {
      "version": "0.7.47",
      "dev": true,
      "license": "MIT"
    },
    "../../node_modules/.pnpm/@types+lodash@4.14.181/node_modules/@types/lodash": {
      "version": "4.14.181",
      "dev": true,
      "license": "MIT"
    },
    "../../node_modules/.pnpm/classnames@2.3.1/node_modules/classnames": {
      "version": "2.3.1",
      "license": "MIT",
      "devDependencies": {
        "benchmark": "^2.1.4",
        "browserify": "^17.0.0",
        "mocha": "^8.3.2"
      }
    },
    "../../node_modules/.pnpm/d3@7.4.4/node_modules/d3": {
      "version": "7.4.4",
      "license": "ISC",
      "dependencies": {
        "d3-array": "3",
        "d3-axis": "3",
        "d3-brush": "3",
        "d3-chord": "3",
        "d3-color": "3",
        "d3-contour": "3",
        "d3-delaunay": "6",
        "d3-dispatch": "3",
        "d3-drag": "3",
        "d3-dsv": "3",
        "d3-ease": "3",
        "d3-fetch": "3",
        "d3-force": "3",
        "d3-format": "3",
        "d3-geo": "3",
        "d3-hierarchy": "3",
        "d3-interpolate": "3",
        "d3-path": "3",
        "d3-polygon": "3",
        "d3-quadtree": "3",
        "d3-random": "3",
        "d3-scale": "4",
        "d3-scale-chromatic": "3",
        "d3-selection": "3",
        "d3-shape": "3",
        "d3-time": "3",
        "d3-time-format": "4",
        "d3-timer": "3",
        "d3-transition": "3",
        "d3-zoom": "3"
      },
      "devDependencies": {
        "@rollup/plugin-json": "4",
        "@rollup/plugin-node-resolve": "13",
        "eslint": "8",
        "mocha": "9",
        "rollup": "2",
        "rollup-plugin-ascii": "0.0",
        "rollup-plugin-terser": "7"
      },
      "engines": {
        "node": ">=12"
      }
    },
    "../../node_modules/.pnpm/dagre@0.8.5/node_modules/dagre": {
      "version": "0.8.5",
      "license": "MIT",
      "dependencies": {
        "graphlib": "^2.1.8",
        "lodash": "^4.17.15"
      },
      "devDependencies": {
        "benchmark": "^2.1.4",
        "browserify": "^16.2.3",
        "chai": "^4.1.2",
        "eslint": "^5.13.0",
        "istanbul": "^0.4.5",
        "jshint": "^2.9.5",
        "jshint-stylish": "^2.2.1",
        "karma": "^4.1.0",
        "karma-chrome-launcher": "^2.2.0",
        "karma-firefox-launcher": "^1.1.0",
        "karma-mocha": "^1.3.0",
        "karma-phantomjs-launcher": "^1.0.4",
        "karma-requirejs": "^1.1.0",
        "karma-safari-launcher": "^1.0.0",
        "mocha": "^6.1.4",
        "phantomjs-prebuilt": "^2.1.16",
        "requirejs": "^2.3.5",
        "semver": "^5.4.1",
        "sprintf": "^0.1.5",
        "uglify-js": "^3.3.4"
      }
    },
    "../../node_modules/.pnpm/lodash@4.17.21/node_modules/lodash": {
      "version": "4.17.21",
      "license": "MIT"
    },
    "node_modules/@types/d3": {
      "resolved": "../../node_modules/.pnpm/@types+d3@7.1.0/node_modules/@types/d3",
      "link": true
    },
    "node_modules/@types/dagre": {
      "resolved": "../../node_modules/.pnpm/@types+dagre@0.7.47/node_modules/@types/dagre",
      "link": true
    },
    "node_modules/@types/lodash": {
      "resolved": "../../node_modules/.pnpm/@types+lodash@4.14.181/node_modules/@types/lodash",
      "link": true
    },
    "node_modules/classnames": {
      "resolved": "../../node_modules/.pnpm/classnames@2.3.1/node_modules/classnames",
      "link": true
    },
    "node_modules/d3": {
      "resolved": "../../node_modules/.pnpm/d3@7.4.4/node_modules/d3",
      "link": true
    },
    "node_modules/dagre": {
      "resolved": "../../node_modules/.pnpm/dagre@0.8.5/node_modules/dagre",
      "link": true
    },
    "node_modules/lodash": {
      "resolved": "../../node_modules/.pnpm/lodash@4.17.21/node_modules/lodash",
      "link": true
    }
  },
  "dependencies": {
    "@types/d3": {
      "version": "file:../../node_modules/.pnpm/@types+d3@7.1.0/node_modules/@types/d3",
      "requires": {
        "@types/d3-array": "*",
        "@types/d3-axis": "*",
        "@types/d3-brush": "*",
        "@types/d3-chord": "*",
        "@types/d3-color": "*",
        "@types/d3-contour": "*",
        "@types/d3-delaunay": "*",
        "@types/d3-dispatch": "*",
        "@types/d3-drag": "*",
        "@types/d3-dsv": "*",
        "@types/d3-ease": "*",
        "@types/d3-fetch": "*",
        "@types/d3-force": "*",
        "@types/d3-format": "*",
        "@types/d3-geo": "*",
        "@types/d3-hierarchy": "*",
        "@types/d3-interpolate": "*",
        "@types/d3-path": "*",
        "@types/d3-polygon": "*",
        "@types/d3-quadtree": "*",
        "@types/d3-random": "*",
        "@types/d3-scale": "*",
        "@types/d3-scale-chromatic": "*",
        "@types/d3-selection": "*",
        "@types/d3-shape": "*",
        "@types/d3-time": "*",
        "@types/d3-time-format": "*",
        "@types/d3-timer": "*",
        "@types/d3-transition": "*",
        "@types/d3-zoom": "*"
      }
    },
    "@types/dagre": {
      "version": "file:../../node_modules/.pnpm/@types+dagre@0.7.47/node_modules/@types/dagre"
    },
    "@types/lodash": {
      "version": "file:../../node_modules/.pnpm/@types+lodash@4.14.181/node_modules/@types/lodash"
    },
    "classnames": {
      "version": "file:../../node_modules/.pnpm/classnames@2.3.1/node_modules/classnames",
      "requires": {
        "benchmark": "^2.1.4",
        "browserify": "^17.0.0",
        "mocha": "^8.3.2"
      }
    },
    "d3": {
      "version": "file:../../node_modules/.pnpm/d3@7.4.4/node_modules/d3",
      "requires": {
        "@rollup/plugin-json": "4",
        "@rollup/plugin-node-resolve": "13",
        "d3-array": "3",
        "d3-axis": "3",
        "d3-brush": "3",
        "d3-chord": "3",
        "d3-color": "3",
        "d3-contour": "3",
        "d3-delaunay": "6",
        "d3-dispatch": "3",
        "d3-drag": "3",
        "d3-dsv": "3",
        "d3-ease": "3",
        "d3-fetch": "3",
        "d3-force": "3",
        "d3-format": "3",
        "d3-geo": "3",
        "d3-hierarchy": "3",
        "d3-interpolate": "3",
        "d3-path": "3",
        "d3-polygon": "3",
        "d3-quadtree": "3",
        "d3-random": "3",
        "d3-scale": "4",
        "d3-scale-chromatic": "3",
        "d3-selection": "3",
        "d3-shape": "3",
        "d3-time": "3",
        "d3-time-format": "4",
        "d3-timer": "3",
        "d3-transition": "3",
        "d3-zoom": "3",
        "eslint": "8",
        "mocha": "9",
        "rollup": "2",
        "rollup-plugin-ascii": "0.0",
        "rollup-plugin-terser": "7"
      }
    },
    "dagre": {
      "version": "file:../../node_modules/.pnpm/dagre@0.8.5/node_modules/dagre",
      "requires": {
        "benchmark": "^2.1.4",
        "browserify": "^16.2.3",
        "chai": "^4.1.2",
        "eslint": "^5.13.0",
        "graphlib": "^2.1.8",
        "istanbul": "^0.4.5",
        "jshint": "^2.9.5",
        "jshint-stylish": "^2.2.1",
        "karma": "^4.1.0",
        "karma-chrome-launcher": "^2.2.0",
        "karma-firefox-launcher": "^1.1.0",
        "karma-mocha": "^1.3.0",
        "karma-phantomjs-launcher": "^1.0.4",
        "karma-requirejs": "^1.1.0",
        "karma-safari-launcher": "^1.0.0",
        "lodash": "^4.17.15",
        "mocha": "^6.1.4",
        "phantomjs-prebuilt": "^2.1.16",
        "requirejs": "^2.3.5",
        "semver": "^5.4.1",
        "sprintf": "^0.1.5",
        "uglify-js": "^3.3.4"
      }
    },
    "lodash": {
      "version": "file:../../node_modules/.pnpm/lodash@4.17.21/node_modules/lodash"
    }
  }
}
